
Microsoft Visual Studio Solution File, Format Version 12.00
# Visual Studio 2012
Project("{FAE04EC0-301F-11D3-BF4B-00C04F79EFBC}") = "Xnapshot", "Xnapshot\Xnapshot.csproj", "{0F1E71DA-B03F-4EA2-9766-BDF48440C545}"
EndProject
Project("{FAE04EC0-301F-11D3-BF4B-00C04F79EFBC}") = "Xnapshot.Example.Usage", "Xnapshot.Example.Usage\Xnapshot.Example.Usage.csproj", "{DE87E8BC-6E69-49B7-8553-F05042EC2307}"
EndProject
Project("{FAE04EC0-301F-11D3-BF4B-00C04F79EFBC}") = "Xnapshot.Example.iOS", "Xnapshot.Example.iOS\Xnapshot.Example.iOS.csproj", "{A2B620F3-98F8-4AAE-95B7-4E26A57AAE29}"
EndProject
Global
	GlobalSection(SolutionConfigurationPlatforms) = preSolution
		Debug|x86 = Debug|x86
		Release|x86 = Release|x86
		Debug|iPhoneSimulator = Debug|iPhoneSimulator
		Release|iPhone = Release|iPhone
		Release|iPhoneSimulator = Release|iPhoneSimulator
		Debug|iPhone = Debug|iPhone
	EndGlobalSection
	GlobalSection(ProjectConfigurationPlatforms) = postSolution
		{0F1E71DA-B03F-4EA2-9766-BDF48440C545}.Debug|iPhone.ActiveCfg = Debug|x86
		{0F1E71DA-B03F-4EA2-9766-BDF48440C545}.Debug|iPhone.Build.0 = Debug|x86
		{0F1E71DA-B03F-4EA2-9766-BDF48440C545}.Debug|iPhoneSimulator.ActiveCfg = Debug|x86
		{0F1E71DA-B03F-4EA2-9766-BDF48440C545}.Debug|iPhoneSimulator.Build.0 = Debug|x86
		{0F1E71DA-B03F-4EA2-9766-BDF48440C545}.Debug|x86.ActiveCfg = Debug|x86
		{0F1E71DA-B03F-4EA2-9766-BDF48440C545}.Debug|x86.Build.0 = Debug|x86
		{0F1E71DA-B03F-4EA2-9766-BDF48440C545}.Release|iPhone.ActiveCfg = Release|x86
		{0F1E71DA-B03F-4EA2-9766-BDF48440C545}.Release|iPhone.Build.0 = Release|x86
		{0F1E71DA-B03F-4EA2-9766-BDF48440C545}.Release|iPhoneSimulator.ActiveCfg = Release|x86
		{0F1E71DA-B03F-4EA2-9766-BDF48440C545}.Release|iPhoneSimulator.Build.0 = Release|x86
		{0F1E71DA-B03F-4EA2-9766-BDF48440C545}.Release|x86.ActiveCfg = Release|x86
		{0F1E71DA-B03F-4EA2-9766-BDF48440C545}.Release|x86.Build.0 = Release|x86
		{DE87E8BC-6E69-49B7-8553-F05042EC2307}.Debug|x86.ActiveCfg = Debug|x86
		{DE87E8BC-6E69-49B7-8553-F05042EC2307}.Debug|x86.Build.0 = Debug|x86
		{DE87E8BC-6E69-49B7-8553-F05042EC2307}.Release|x86.ActiveCfg = Release|x86
		{DE87E8BC-6E69-49B7-8553-F05042EC2307}.Release|x86.Build.0 = Release|x86
		{DE87E8BC-6E69-49B7-8553-F05042EC2307}.Debug|iPhoneSimulator.ActiveCfg = Debug|x86
		{DE87E8BC-6E69-49B7-8553-F05042EC2307}.Debug|iPhoneSimulator.Build.0 = Debug|x86
		{DE87E8BC-6E69-49B7-8553-F05042EC2307}.Release|iPhone.ActiveCfg = Release|x86
		{DE87E8BC-6E69-49B7-8553-F05042EC2307}.Release|iPhone.Build.0 = Release|x86
		{DE87E8BC-6E69-49B7-8553-F05042EC2307}.Release|iPhoneSimulator.ActiveCfg = Release|x86
		{DE87E8BC-6E69-49B7-8553-F05042EC2307}.Release|iPhoneSimulator.Build.0 = Release|x86
		{DE87E8BC-6E69-49B7-8553-F05042EC2307}.Debug|iPhone.ActiveCfg = Debug|x86
		{DE87E8BC-6E69-49B7-8553-F05042EC2307}.Debug|iPhone.Build.0 = Debug|x86
		{A2B620F3-98F8-4AAE-95B7-4E26A57AAE29}.Debug|x86.ActiveCfg = Debug|iPhoneSimulator
		{A2B620F3-98F8-4AAE-95B7-4E26A57AAE29}.Debug|x86.Build.0 = Debug|iPhoneSimulator
		{A2B620F3-98F8-4AAE-95B7-4E26A57AAE29}.Release|x86.ActiveCfg = Release|iPhoneSimulator
		{A2B620F3-98F8-4AAE-95B7-4E26A57AAE29}.Release|x86.Build.0 = Release|iPhoneSimulator
		{A2B620F3-98F8-4AAE-95B7-4E26A57AAE29}.Debug|iPhoneSimulator.ActiveCfg = Debug|iPhoneSimulator
		{A2B620F3-98F8-4AAE-95B7-4E26A57AAE29}.Debug|iPhoneSimulator.Build.0 = Debug|iPhoneSimulator
		{A2B620F3-98F8-4AAE-95B7-4E26A57AAE29}.Release|iPhone.ActiveCfg = Release|iPhone
		{A2B620F3-98F8-4AAE-95B7-4E26A57AAE29}.Release|iPhone.Build.0 = Release|iPhone
		{A2B620F3-98F8-4AAE-95B7-4E26A57AAE29}.Release|iPhoneSimulator.ActiveCfg = Release|iPhoneSimulator
		{A2B620F3-98F8-4AAE-95B7-4E26A57AAE29}.Release|iPhoneSimulator.Build.0 = Release|iPhoneSimulator
		{A2B620F3-98F8-4AAE-95B7-4E26A57AAE29}.Debug|iPhone.ActiveCfg = Debug|iPhone
		{A2B620F3-98F8-4AAE-95B7-4E26A57AAE29}.Debug|iPhone.Build.0 = Debug|iPhone
	EndGlobalSection
	GlobalSection(MonoDevelopProperties) = preSolution
		description = Xnapshot - automating screenshots of your iOS app on every device using Xamarin.UITest.
		version = 2.0
	EndGlobalSection
EndGlobal
